
Microsoft Visual Studio Solution File, Format Version 12.00
# Visual Studio 15
VisualStudioVersion = 15.0.26730.16
MinimumVisualStudioVersion = 10.0.40219.1
Project("{FAE04EC0-301F-11D3-BF4B-00C04F79EFBC}") = "fibonacci_modp", "fibonacci_modp\fibonacci_modp.csproj", "{A27C0AE8-7981-4471-B2B3-BA8AAB114F95}"
EndProject
Global
	GlobalSection(SolutionConfigurationPlatforms) = preSolution
		Debug|Any CPU = Debug|Any CPU
		Release|Any CPU = Release|Any CPU
	EndGlobalSection
	GlobalSection(ProjectConfigurationPlatforms) = postSolution
		{A27C0AE8-7981-4471-B2B3-BA8AAB114F95}.Debug|Any CPU.ActiveCfg = Debug|Any CPU
		{A27C0AE8-7981-4471-B2B3-BA8AAB114F95}.Debug|Any CPU.Build.0 = Debug|Any CPU
		{A27C0AE8-7981-4471-B2B3-BA8AAB114F95}.Release|Any CPU.ActiveCfg = Release|Any CPU
		{A27C0AE8-7981-4471-B2B3-BA8AAB114F95}.Release|Any CPU.Build.0 = Release|Any CPU
	EndGlobalSection
	GlobalSection(SolutionProperties) = preSolution
		HideSolutionNode = FALSE
	EndGlobalSection
	GlobalSection(ExtensibilityGlobals) = postSolution
		SolutionGuid = {1CFA1EE8-EB52-4E89-AFD5-ECD084E8A90A}
	EndGlobalSection
EndGlobal
