
Microsoft Visual Studio Solution File, Format Version 12.00
# Visual Studio 15
VisualStudioVersion = 15.0.26730.16
MinimumVisualStudioVersion = 10.0.40219.1
Project("{FAE04EC0-301F-11D3-BF4B-00C04F79EFBC}") = "loot", "loot\loot.csproj", "{FB86DCF3-7917-4213-AF86-BD9542EDD47D}"
EndProject
Global
	GlobalSection(SolutionConfigurationPlatforms) = preSolution
		Debug|Any CPU = Debug|Any CPU
		Release|Any CPU = Release|Any CPU
	EndGlobalSection
	GlobalSection(ProjectConfigurationPlatforms) = postSolution
		{FB86DCF3-7917-4213-AF86-BD9542EDD47D}.Debug|Any CPU.ActiveCfg = Debug|Any CPU
		{FB86DCF3-7917-4213-AF86-BD9542EDD47D}.Debug|Any CPU.Build.0 = Debug|Any CPU
		{FB86DCF3-7917-4213-AF86-BD9542EDD47D}.Release|Any CPU.ActiveCfg = Release|Any CPU
		{FB86DCF3-7917-4213-AF86-BD9542EDD47D}.Release|Any CPU.Build.0 = Release|Any CPU
	EndGlobalSection
	GlobalSection(SolutionProperties) = preSolution
		HideSolutionNode = FALSE
	EndGlobalSection
	GlobalSection(ExtensibilityGlobals) = postSolution
		SolutionGuid = {5F0CDB2F-4CDC-43E3-8386-C587023B8D1B}
	EndGlobalSection
EndGlobal
