
Microsoft Visual Studio Solution File, Format Version 12.00
# Visual Studio 15
VisualStudioVersion = 15.0.26730.16
MinimumVisualStudioVersion = 10.0.40219.1
Project("{FAE04EC0-301F-11D3-BF4B-00C04F79EFBC}") = "incr_subsequences_of_size_k", "incr_subsequences_of_size_k\incr_subsequences_of_size_k.csproj", "{4FC4892C-3E38-4497-9CB2-D0F483C39C24}"
EndProject
Global
	GlobalSection(SolutionConfigurationPlatforms) = preSolution
		Debug|Any CPU = Debug|Any CPU
		Release|Any CPU = Release|Any CPU
	EndGlobalSection
	GlobalSection(ProjectConfigurationPlatforms) = postSolution
		{4FC4892C-3E38-4497-9CB2-D0F483C39C24}.Debug|Any CPU.ActiveCfg = Debug|Any CPU
		{4FC4892C-3E38-4497-9CB2-D0F483C39C24}.Debug|Any CPU.Build.0 = Debug|Any CPU
		{4FC4892C-3E38-4497-9CB2-D0F483C39C24}.Release|Any CPU.ActiveCfg = Release|Any CPU
		{4FC4892C-3E38-4497-9CB2-D0F483C39C24}.Release|Any CPU.Build.0 = Release|Any CPU
	EndGlobalSection
	GlobalSection(SolutionProperties) = preSolution
		HideSolutionNode = FALSE
	EndGlobalSection
	GlobalSection(ExtensibilityGlobals) = postSolution
		SolutionGuid = {1EEE2918-3F87-4D6D-A391-73BA128E5AD9}
	EndGlobalSection
EndGlobal
