
Microsoft Visual Studio Solution File, Format Version 12.00
# Visual Studio 15
VisualStudioVersion = 15.0.26730.16
MinimumVisualStudioVersion = 10.0.40219.1
Project("{FAE04EC0-301F-11D3-BF4B-00C04F79EFBC}") = "max_binary_heap.cs", "max_binary_heap.cs\max_binary_heap.cs.csproj", "{7A440DA9-4941-4DFC-B8E5-094C4996732B}"
EndProject
Global
	GlobalSection(SolutionConfigurationPlatforms) = preSolution
		Debug|Any CPU = Debug|Any CPU
		Release|Any CPU = Release|Any CPU
	EndGlobalSection
	GlobalSection(ProjectConfigurationPlatforms) = postSolution
		{7A440DA9-4941-4DFC-B8E5-094C4996732B}.Debug|Any CPU.ActiveCfg = Debug|Any CPU
		{7A440DA9-4941-4DFC-B8E5-094C4996732B}.Debug|Any CPU.Build.0 = Debug|Any CPU
		{7A440DA9-4941-4DFC-B8E5-094C4996732B}.Release|Any CPU.ActiveCfg = Release|Any CPU
		{7A440DA9-4941-4DFC-B8E5-094C4996732B}.Release|Any CPU.Build.0 = Release|Any CPU
	EndGlobalSection
	GlobalSection(SolutionProperties) = preSolution
		HideSolutionNode = FALSE
	EndGlobalSection
	GlobalSection(ExtensibilityGlobals) = postSolution
		SolutionGuid = {7E6F6666-D443-48C5-9360-811B4321C67F}
	EndGlobalSection
EndGlobal
