
Microsoft Visual Studio Solution File, Format Version 12.00
# Visual Studio 15
VisualStudioVersion = 15.0.26730.16
MinimumVisualStudioVersion = 10.0.40219.1
Project("{FAE04EC0-301F-11D3-BF4B-00C04F79EFBC}") = "inversion.cs", "inversion.cs\inversion.cs.csproj", "{BC0D5A20-13C0-472B-9F95-1ACBF200F81F}"
EndProject
Global
	GlobalSection(SolutionConfigurationPlatforms) = preSolution
		Debug|Any CPU = Debug|Any CPU
		Release|Any CPU = Release|Any CPU
	EndGlobalSection
	GlobalSection(ProjectConfigurationPlatforms) = postSolution
		{BC0D5A20-13C0-472B-9F95-1ACBF200F81F}.Debug|Any CPU.ActiveCfg = Debug|Any CPU
		{BC0D5A20-13C0-472B-9F95-1ACBF200F81F}.Debug|Any CPU.Build.0 = Debug|Any CPU
		{BC0D5A20-13C0-472B-9F95-1ACBF200F81F}.Release|Any CPU.ActiveCfg = Release|Any CPU
		{BC0D5A20-13C0-472B-9F95-1ACBF200F81F}.Release|Any CPU.Build.0 = Release|Any CPU
	EndGlobalSection
	GlobalSection(SolutionProperties) = preSolution
		HideSolutionNode = FALSE
	EndGlobalSection
	GlobalSection(ExtensibilityGlobals) = postSolution
		SolutionGuid = {44AF64E8-B257-49E7-B77D-FB69D9BC812F}
	EndGlobalSection
EndGlobal
