
Microsoft Visual Studio Solution File, Format Version 12.00
# Visual Studio 15
VisualStudioVersion = 15.0.26730.16
MinimumVisualStudioVersion = 10.0.40219.1
Project("{FAE04EC0-301F-11D3-BF4B-00C04F79EFBC}") = "lcs2", "lcs2\lcs2.csproj", "{EFB9CD41-7CAE-4B95-B957-38D90E96C5E3}"
EndProject
Global
	GlobalSection(SolutionConfigurationPlatforms) = preSolution
		Debug|Any CPU = Debug|Any CPU
		Release|Any CPU = Release|Any CPU
	EndGlobalSection
	GlobalSection(ProjectConfigurationPlatforms) = postSolution
		{EFB9CD41-7CAE-4B95-B957-38D90E96C5E3}.Debug|Any CPU.ActiveCfg = Debug|Any CPU
		{EFB9CD41-7CAE-4B95-B957-38D90E96C5E3}.Debug|Any CPU.Build.0 = Debug|Any CPU
		{EFB9CD41-7CAE-4B95-B957-38D90E96C5E3}.Release|Any CPU.ActiveCfg = Release|Any CPU
		{EFB9CD41-7CAE-4B95-B957-38D90E96C5E3}.Release|Any CPU.Build.0 = Release|Any CPU
	EndGlobalSection
	GlobalSection(SolutionProperties) = preSolution
		HideSolutionNode = FALSE
	EndGlobalSection
	GlobalSection(ExtensibilityGlobals) = postSolution
		SolutionGuid = {3669C5A5-7D1F-4A68-AC06-AA383480DF17}
	EndGlobalSection
EndGlobal
